
Microsoft Visual Studio Solution File, Format Version 12.00
# Visual Studio 2013
VisualStudioVersion = 12.0.40629.0
MinimumVisualStudioVersion = 10.0.40219.1
Project("{8BC9CEB8-8B4A-11D0-8D11-00A0C91BC942}") = "Q2.14016036ID", "Q2.14016036ID\Q2.14016036ID.vcxproj", "{FF963D27-56EE-4064-A4F8-1A5C0C979E8C}"
EndProject
Global
	GlobalSection(SolutionConfigurationPlatforms) = preSolution
		Debug|Win32 = Debug|Win32
		Release|Win32 = Release|Win32
	EndGlobalSection
	GlobalSection(ProjectConfigurationPlatforms) = postSolution
		{FF963D27-56EE-4064-A4F8-1A5C0C979E8C}.Debug|Win32.ActiveCfg = Debug|Win32
		{FF963D27-56EE-4064-A4F8-1A5C0C979E8C}.Debug|Win32.Build.0 = Debug|Win32
		{FF963D27-56EE-4064-A4F8-1A5C0C979E8C}.Release|Win32.ActiveCfg = Release|Win32
		{FF963D27-56EE-4064-A4F8-1A5C0C979E8C}.Release|Win32.Build.0 = Release|Win32
	EndGlobalSection
	GlobalSection(SolutionProperties) = preSolution
		HideSolutionNode = FALSE
	EndGlobalSection
EndGlobal
